
Microsoft Visual Studio Solution File, Format Version 12.00
# Visual Studio Version 16
VisualStudioVersion = 16.0.30114.105
MinimumVisualStudioVersion = 10.0.40219.1
Project("{FAE04EC0-301F-11D3-BF4B-00C04F79EFBC}") = "Calendar.Android", "Calendar\Calendar.Android\Calendar.Android.csproj", "{1A7D8B8D-5E06-4560-BED9-550601840454}"
EndProject
Project("{FAE04EC0-301F-11D3-BF4B-00C04F79EFBC}") = "Calendar.iOS", "Calendar\Calendar.iOS\Calendar.iOS.csproj", "{38D64BBF-27CC-40A2-AAFE-0725F1EB966C}"
EndProject
Project("{FAE04EC0-301F-11D3-BF4B-00C04F79EFBC}") = "Calendar", "Calendar\Calendar\Calendar.csproj", "{A5F55B0A-2E93-409A-BD5E-CC290BD8B0DD}"
EndProject
Global
	GlobalSection(SolutionConfigurationPlatforms) = preSolution
		Debug|Any CPU = Debug|Any CPU
		Debug|iPhone = Debug|iPhone
		Debug|iPhoneSimulator = Debug|iPhoneSimulator
		Release|Any CPU = Release|Any CPU
		Release|iPhone = Release|iPhone
		Release|iPhoneSimulator = Release|iPhoneSimulator
	EndGlobalSection
	GlobalSection(ProjectConfigurationPlatforms) = postSolution
		{1A7D8B8D-5E06-4560-BED9-550601840454}.Debug|Any CPU.ActiveCfg = Debug|Any CPU
		{1A7D8B8D-5E06-4560-BED9-550601840454}.Debug|Any CPU.Build.0 = Debug|Any CPU
		{1A7D8B8D-5E06-4560-BED9-550601840454}.Debug|Any CPU.Deploy.0 = Debug|Any CPU
		{1A7D8B8D-5E06-4560-BED9-550601840454}.Debug|iPhone.ActiveCfg = Debug|Any CPU
		{1A7D8B8D-5E06-4560-BED9-550601840454}.Debug|iPhone.Build.0 = Debug|Any CPU
		{1A7D8B8D-5E06-4560-BED9-550601840454}.Debug|iPhone.Deploy.0 = Debug|Any CPU
		{1A7D8B8D-5E06-4560-BED9-550601840454}.Debug|iPhoneSimulator.ActiveCfg = Debug|Any CPU
		{1A7D8B8D-5E06-4560-BED9-550601840454}.Debug|iPhoneSimulator.Build.0 = Debug|Any CPU
		{1A7D8B8D-5E06-4560-BED9-550601840454}.Debug|iPhoneSimulator.Deploy.0 = Debug|Any CPU
		{1A7D8B8D-5E06-4560-BED9-550601840454}.Release|Any CPU.ActiveCfg = Release|Any CPU
		{1A7D8B8D-5E06-4560-BED9-550601840454}.Release|Any CPU.Build.0 = Release|Any CPU
		{1A7D8B8D-5E06-4560-BED9-550601840454}.Release|Any CPU.Deploy.0 = Release|Any CPU
		{1A7D8B8D-5E06-4560-BED9-550601840454}.Release|iPhone.ActiveCfg = Release|Any CPU
		{1A7D8B8D-5E06-4560-BED9-550601840454}.Release|iPhone.Build.0 = Release|Any CPU
		{1A7D8B8D-5E06-4560-BED9-550601840454}.Release|iPhone.Deploy.0 = Release|Any CPU
		{1A7D8B8D-5E06-4560-BED9-550601840454}.Release|iPhoneSimulator.ActiveCfg = Release|Any CPU
		{1A7D8B8D-5E06-4560-BED9-550601840454}.Release|iPhoneSimulator.Build.0 = Release|Any CPU
		{1A7D8B8D-5E06-4560-BED9-550601840454}.Release|iPhoneSimulator.Deploy.0 = Release|Any CPU
		{38D64BBF-27CC-40A2-AAFE-0725F1EB966C}.Debug|Any CPU.ActiveCfg = Debug|iPhone
		{38D64BBF-27CC-40A2-AAFE-0725F1EB966C}.Debug|Any CPU.Build.0 = Debug|iPhone
		{38D64BBF-27CC-40A2-AAFE-0725F1EB966C}.Debug|Any CPU.Deploy.0 = Debug|iPhone
		{38D64BBF-27CC-40A2-AAFE-0725F1EB966C}.Debug|iPhone.ActiveCfg = Debug|iPhone
		{38D64BBF-27CC-40A2-AAFE-0725F1EB966C}.Debug|iPhone.Build.0 = Debug|iPhone
		{38D64BBF-27CC-40A2-AAFE-0725F1EB966C}.Debug|iPhone.Deploy.0 = Debug|iPhone
		{38D64BBF-27CC-40A2-AAFE-0725F1EB966C}.Debug|iPhoneSimulator.ActiveCfg = Debug|iPhoneSimulator
		{38D64BBF-27CC-40A2-AAFE-0725F1EB966C}.Debug|iPhoneSimulator.Build.0 = Debug|iPhoneSimulator
		{38D64BBF-27CC-40A2-AAFE-0725F1EB966C}.Debug|iPhoneSimulator.Deploy.0 = Debug|iPhoneSimulator
		{38D64BBF-27CC-40A2-AAFE-0725F1EB966C}.Release|Any CPU.ActiveCfg = Release|iPhone
		{38D64BBF-27CC-40A2-AAFE-0725F1EB966C}.Release|Any CPU.Build.0 = Release|iPhone
		{38D64BBF-27CC-40A2-AAFE-0725F1EB966C}.Release|Any CPU.Deploy.0 = Release|iPhone
		{38D64BBF-27CC-40A2-AAFE-0725F1EB966C}.Release|iPhone.ActiveCfg = Release|iPhone
		{38D64BBF-27CC-40A2-AAFE-0725F1EB966C}.Release|iPhone.Build.0 = Release|iPhone
		{38D64BBF-27CC-40A2-AAFE-0725F1EB966C}.Release|iPhone.Deploy.0 = Release|iPhone
		{38D64BBF-27CC-40A2-AAFE-0725F1EB966C}.Release|iPhoneSimulator.ActiveCfg = Release|iPhoneSimulator
		{38D64BBF-27CC-40A2-AAFE-0725F1EB966C}.Release|iPhoneSimulator.Build.0 = Release|iPhoneSimulator
		{38D64BBF-27CC-40A2-AAFE-0725F1EB966C}.Release|iPhoneSimulator.Deploy.0 = Release|iPhoneSimulator
		{A5F55B0A-2E93-409A-BD5E-CC290BD8B0DD}.Debug|Any CPU.ActiveCfg = Debug|Any CPU
		{A5F55B0A-2E93-409A-BD5E-CC290BD8B0DD}.Debug|Any CPU.Build.0 = Debug|Any CPU
		{A5F55B0A-2E93-409A-BD5E-CC290BD8B0DD}.Debug|Any CPU.Deploy.0 = Debug|Any CPU
		{A5F55B0A-2E93-409A-BD5E-CC290BD8B0DD}.Debug|iPhone.ActiveCfg = Debug|Any CPU
		{A5F55B0A-2E93-409A-BD5E-CC290BD8B0DD}.Debug|iPhone.Build.0 = Debug|Any CPU
		{A5F55B0A-2E93-409A-BD5E-CC290BD8B0DD}.Debug|iPhone.Deploy.0 = Debug|Any CPU
		{A5F55B0A-2E93-409A-BD5E-CC290BD8B0DD}.Debug|iPhoneSimulator.ActiveCfg = Debug|Any CPU
		{A5F55B0A-2E93-409A-BD5E-CC290BD8B0DD}.Debug|iPhoneSimulator.Build.0 = Debug|Any CPU
		{A5F55B0A-2E93-409A-BD5E-CC290BD8B0DD}.Debug|iPhoneSimulator.Deploy.0 = Debug|Any CPU
		{A5F55B0A-2E93-409A-BD5E-CC290BD8B0DD}.Release|Any CPU.ActiveCfg = Release|Any CPU
		{A5F55B0A-2E93-409A-BD5E-CC290BD8B0DD}.Release|Any CPU.Build.0 = Release|Any CPU
		{A5F55B0A-2E93-409A-BD5E-CC290BD8B0DD}.Release|Any CPU.Deploy.0 = Release|Any CPU
		{A5F55B0A-2E93-409A-BD5E-CC290BD8B0DD}.Release|iPhone.ActiveCfg = Release|Any CPU
		{A5F55B0A-2E93-409A-BD5E-CC290BD8B0DD}.Release|iPhone.Build.0 = Release|Any CPU
		{A5F55B0A-2E93-409A-BD5E-CC290BD8B0DD}.Release|iPhone.Deploy.0 = Release|Any CPU
		{A5F55B0A-2E93-409A-BD5E-CC290BD8B0DD}.Release|iPhoneSimulator.ActiveCfg = Release|Any CPU
		{A5F55B0A-2E93-409A-BD5E-CC290BD8B0DD}.Release|iPhoneSimulator.Build.0 = Release|Any CPU
		{A5F55B0A-2E93-409A-BD5E-CC290BD8B0DD}.Release|iPhoneSimulator.Deploy.0 = Release|Any CPU
	EndGlobalSection
	GlobalSection(SolutionProperties) = preSolution
		HideSolutionNode = FALSE
	EndGlobalSection
	GlobalSection(ExtensibilityGlobals) = postSolution
		SolutionGuid = {4E4E92DD-61A0-4D4C-B786-C0B3C7CFD46D}
	EndGlobalSection
EndGlobal
